
Microsoft Visual Studio Solution File, Format Version 11.00
# Visual Studio 2010
Project("{FAE04EC0-301F-11D3-BF4B-00C04F79EFBC}") = "Assembly-CSharp", "Assembly-CSharp.csproj", "{d321ab47-7bc5-e1b8-a0c6-d03e2bba4d82}"
EndProject
Project("{FAE04EC0-301F-11D3-BF4B-00C04F79EFBC}") = "Assembly-CSharp-firstpass", "Assembly-CSharp-firstpass.csproj", "{9657026a-4016-3753-5521-466215eb1d77}"
EndProject
Global
	GlobalSection(SolutionConfigurationPlatforms) = preSolution
		Debug|Any CPU = Debug|Any CPU
		Release|Any CPU = Release|Any CPU
	EndGlobalSection
	GlobalSection(ProjectConfigurationPlatforms) = postSolution
		{d321ab47-7bc5-e1b8-a0c6-d03e2bba4d82}.Debug|Any CPU.ActiveCfg = Debug|Any CPU
		{d321ab47-7bc5-e1b8-a0c6-d03e2bba4d82}.Debug|Any CPU.Build.0 = Debug|Any CPU
		{d321ab47-7bc5-e1b8-a0c6-d03e2bba4d82}.Release|Any CPU.ActiveCfg = Release|Any CPU
		{d321ab47-7bc5-e1b8-a0c6-d03e2bba4d82}.Release|Any CPU.Build.0 = Release|Any CPU
		{9657026a-4016-3753-5521-466215eb1d77}.Debug|Any CPU.ActiveCfg = Debug|Any CPU
		{9657026a-4016-3753-5521-466215eb1d77}.Debug|Any CPU.Build.0 = Debug|Any CPU
		{9657026a-4016-3753-5521-466215eb1d77}.Release|Any CPU.ActiveCfg = Release|Any CPU
		{9657026a-4016-3753-5521-466215eb1d77}.Release|Any CPU.Build.0 = Release|Any CPU
	EndGlobalSection
	GlobalSection(SolutionProperties) = preSolution
		HideSolutionNode = FALSE
	EndGlobalSection
EndGlobal
